
Microsoft Visual Studio Solution File, Format Version 12.00
# Visual Studio Version 17
VisualStudioVersion = 17.8.34316.72
MinimumVisualStudioVersion = 10.0.40219.1
Project("{FAE04EC0-301F-11D3-BF4B-00C04F79EFBC}") = "Session03", "Session03\Session03.csproj", "{39514BC7-BC04-40F6-B3E3-F9EA8C954BAB}"
EndProject
Global
	GlobalSection(SolutionConfigurationPlatforms) = preSolution
		Debug|Any CPU = Debug|Any CPU
		Release|Any CPU = Release|Any CPU
	EndGlobalSection
	GlobalSection(ProjectConfigurationPlatforms) = postSolution
		{39514BC7-BC04-40F6-B3E3-F9EA8C954BAB}.Debug|Any CPU.ActiveCfg = Debug|Any CPU
		{39514BC7-BC04-40F6-B3E3-F9EA8C954BAB}.Debug|Any CPU.Build.0 = Debug|Any CPU
		{39514BC7-BC04-40F6-B3E3-F9EA8C954BAB}.Release|Any CPU.ActiveCfg = Release|Any CPU
		{39514BC7-BC04-40F6-B3E3-F9EA8C954BAB}.Release|Any CPU.Build.0 = Release|Any CPU
	EndGlobalSection
	GlobalSection(SolutionProperties) = preSolution
		HideSolutionNode = FALSE
	EndGlobalSection
	GlobalSection(ExtensibilityGlobals) = postSolution
		SolutionGuid = {28E554F5-251D-4E27-8050-70A839C85840}
	EndGlobalSection
EndGlobal
